
Microsoft Visual Studio Solution File, Format Version 12.00
# Visual Studio Version 17
VisualStudioVersion = 17.9.34622.214
MinimumVisualStudioVersion = 10.0.40219.1
Project("{9A19103F-16F7-4668-BE54-9A1E7A4F7556}") = "frigo.app", "frigo.app\frigo.app.csproj", "{F4A5DEAA-D5F4-4335-8236-AAB34063B99A}"
EndProject
Project("{9A19103F-16F7-4668-BE54-9A1E7A4F7556}") = "frigo.domain", "frigo.domain\frigo.domain.csproj", "{9E261629-D068-442F-9F6D-A73CFF20834A}"
EndProject
Project("{9A19103F-16F7-4668-BE54-9A1E7A4F7556}") = "frigo.domain.test", "frigo.domain.test\frigo.domain.test.csproj", "{87609D7A-75D8-4F13-A5B5-14FDA1A5C7CF}"
EndProject
Project("{FAE04EC0-301F-11D3-BF4B-00C04F79EFBC}") = "frigo.api", "frigo.api\frigo.api.csproj", "{6F2B2843-45EF-4887-A04C-696C5AFB9187}"
EndProject
Global
	GlobalSection(SolutionConfigurationPlatforms) = preSolution
		Debug|Any CPU = Debug|Any CPU
		Release|Any CPU = Release|Any CPU
	EndGlobalSection
	GlobalSection(ProjectConfigurationPlatforms) = postSolution
		{F4A5DEAA-D5F4-4335-8236-AAB34063B99A}.Debug|Any CPU.ActiveCfg = Debug|Any CPU
		{F4A5DEAA-D5F4-4335-8236-AAB34063B99A}.Debug|Any CPU.Build.0 = Debug|Any CPU
		{F4A5DEAA-D5F4-4335-8236-AAB34063B99A}.Release|Any CPU.ActiveCfg = Release|Any CPU
		{F4A5DEAA-D5F4-4335-8236-AAB34063B99A}.Release|Any CPU.Build.0 = Release|Any CPU
		{9E261629-D068-442F-9F6D-A73CFF20834A}.Debug|Any CPU.ActiveCfg = Debug|Any CPU
		{9E261629-D068-442F-9F6D-A73CFF20834A}.Debug|Any CPU.Build.0 = Debug|Any CPU
		{9E261629-D068-442F-9F6D-A73CFF20834A}.Release|Any CPU.ActiveCfg = Release|Any CPU
		{9E261629-D068-442F-9F6D-A73CFF20834A}.Release|Any CPU.Build.0 = Release|Any CPU
		{87609D7A-75D8-4F13-A5B5-14FDA1A5C7CF}.Debug|Any CPU.ActiveCfg = Debug|Any CPU
		{87609D7A-75D8-4F13-A5B5-14FDA1A5C7CF}.Debug|Any CPU.Build.0 = Debug|Any CPU
		{87609D7A-75D8-4F13-A5B5-14FDA1A5C7CF}.Release|Any CPU.ActiveCfg = Release|Any CPU
		{87609D7A-75D8-4F13-A5B5-14FDA1A5C7CF}.Release|Any CPU.Build.0 = Release|Any CPU
		{6F2B2843-45EF-4887-A04C-696C5AFB9187}.Debug|Any CPU.ActiveCfg = Debug|Any CPU
		{6F2B2843-45EF-4887-A04C-696C5AFB9187}.Debug|Any CPU.Build.0 = Debug|Any CPU
		{6F2B2843-45EF-4887-A04C-696C5AFB9187}.Release|Any CPU.ActiveCfg = Release|Any CPU
		{6F2B2843-45EF-4887-A04C-696C5AFB9187}.Release|Any CPU.Build.0 = Release|Any CPU
	EndGlobalSection
	GlobalSection(SolutionProperties) = preSolution
		HideSolutionNode = FALSE
	EndGlobalSection
	GlobalSection(ExtensibilityGlobals) = postSolution
		SolutionGuid = {F94E3BDC-9A2D-404F-BAA2-9217F184C8A2}
	EndGlobalSection
EndGlobal
